// !$*UTF8*$!
{
	archiveVersion = 1;
	classes = {
	};
	objectVersion = 46;
	objects = {

/* Begin PBXBuildFile section */
		2F08513C1BF5F497003FF994 /* KeyboardLayoutConstraint.swift in Sources */ = {isa = PBXBuildFile; fileRef = 2F08513B1BF5F497003FF994 /* KeyboardLayoutConstraint.swift */; };
		2F25B9031C08AB56001B9037 /* CreateRoute.storyboard in Resources */ = {isa = PBXBuildFile; fileRef = 2F25B9021C08AB56001B9037 /* CreateRoute.storyboard */; };
		2F25B9051C08AEB6001B9037 /* CreateRouteViewController.swift in Sources */ = {isa = PBXBuildFile; fileRef = 2F25B9041C08AEB6001B9037 /* CreateRouteViewController.swift */; };
		2F25B9071C08B0BB001B9037 /* PickItemButtonView.xib in Resources */ = {isa = PBXBuildFile; fileRef = 2F25B9061C08B0BB001B9037 /* PickItemButtonView.xib */; };
		2F25B9091C08B49D001B9037 /* StateDependantButton.swift in Sources */ = {isa = PBXBuildFile; fileRef = 2F25B9081C08B49D001B9037 /* StateDependantButton.swift */; };
		2F385FEE1BF4B7FA0036DCCC /* RegistrationViewController.swift in Sources */ = {isa = PBXBuildFile; fileRef = 2F385FED1BF4B7FA0036DCCC /* RegistrationViewController.swift */; };
		2F54714A1C05CD6700C292F9 /* DatepickerTextField.swift in Sources */ = {isa = PBXBuildFile; fileRef = 2F5471491C05CD6700C292F9 /* DatepickerTextField.swift */; };
		2FA810281C047CDE00BE7E6C /* LoadingOverlayView.swift in Sources */ = {isa = PBXBuildFile; fileRef = 2FA810271C047CDE00BE7E6C /* LoadingOverlayView.swift */; };
		2FDA706D1BFF55DF00649C08 /* ServerConstants.swift in Sources */ = {isa = PBXBuildFile; fileRef = 2FDA706B1BFF55DF00649C08 /* ServerConstants.swift */; };
		2FF4DAD11BF9E0A3004E1440 /* LoginPersistenceHelper.swift in Sources */ = {isa = PBXBuildFile; fileRef = 2FF4DAD01BF9E0A3004E1440 /* LoginPersistenceHelper.swift */; };
		2FF4DAD31BFA1F4E004E1440 /* UserDataStore.swift in Sources */ = {isa = PBXBuildFile; fileRef = 2FF4DAD21BFA1F4E004E1440 /* UserDataStore.swift */; };
		2FF4DAD51BFA2546004E1440 /* UserAPIHelper.swift in Sources */ = {isa = PBXBuildFile; fileRef = 2FF4DAD41BFA2546004E1440 /* UserAPIHelper.swift */; };
		2FFA3D4C1BF34EFE00B758D5 /* AppDelegate.swift in Sources */ = {isa = PBXBuildFile; fileRef = 2FFA3D4B1BF34EFE00B758D5 /* AppDelegate.swift */; };
		2FFA3D4E1BF34EFE00B758D5 /* ViewController.swift in Sources */ = {isa = PBXBuildFile; fileRef = 2FFA3D4D1BF34EFE00B758D5 /* ViewController.swift */; };
		2FFA3D511BF34EFE00B758D5 /* Main.storyboard in Resources */ = {isa = PBXBuildFile; fileRef = 2FFA3D4F1BF34EFE00B758D5 /* Main.storyboard */; };
		2FFA3D541BF34EFE00B758D5 /* Sightwalk.xcdatamodeld in Sources */ = {isa = PBXBuildFile; fileRef = 2FFA3D521BF34EFE00B758D5 /* Sightwalk.xcdatamodeld */; };
		2FFA3D561BF34EFE00B758D5 /* Assets.xcassets in Resources */ = {isa = PBXBuildFile; fileRef = 2FFA3D551BF34EFE00B758D5 /* Assets.xcassets */; };
		2FFA3D591BF34EFE00B758D5 /* LaunchScreen.storyboard in Resources */ = {isa = PBXBuildFile; fileRef = 2FFA3D571BF34EFE00B758D5 /* LaunchScreen.storyboard */; };
		2FFA3D641BF34EFF00B758D5 /* SightwalkTests.swift in Sources */ = {isa = PBXBuildFile; fileRef = 2FFA3D631BF34EFF00B758D5 /* SightwalkTests.swift */; };
		2FFA3D6F1BF34EFF00B758D5 /* SightwalkUITests.swift in Sources */ = {isa = PBXBuildFile; fileRef = 2FFA3D6E1BF34EFF00B758D5 /* SightwalkUITests.swift */; };
		2FFA3D831BF4968900B758D5 /* IntroViewController.swift in Sources */ = {isa = PBXBuildFile; fileRef = 2FFA3D821BF4968900B758D5 /* IntroViewController.swift */; };
		2FFA3D851BF4970F00B758D5 /* GenericViewButton.swift in Sources */ = {isa = PBXBuildFile; fileRef = 2FFA3D841BF4970F00B758D5 /* GenericViewButton.swift */; };
		2FFA3D871BF49C7600B758D5 /* FacebookButton.swift in Sources */ = {isa = PBXBuildFile; fileRef = 2FFA3D861BF49C7600B758D5 /* FacebookButton.swift */; };
		2FFA3D891BF4A54800B758D5 /* GenericTextField.swift in Sources */ = {isa = PBXBuildFile; fileRef = 2FFA3D881BF4A54800B758D5 /* GenericTextField.swift */; };
		2FFA3D8B1BF4AF5600B758D5 /* GenericNavigationBar.swift in Sources */ = {isa = PBXBuildFile; fileRef = 2FFA3D8A1BF4AF5600B758D5 /* GenericNavigationBar.swift */; };
		2FFA3D8D1BF4B2A900B758D5 /* LoginViewController.swift in Sources */ = {isa = PBXBuildFile; fileRef = 2FFA3D8C1BF4B2A900B758D5 /* LoginViewController.swift */; };
		F33DC9251BFB3A12003C69F6 /* ActivityViewController.swift in Sources */ = {isa = PBXBuildFile; fileRef = F33DC9241BFB3A12003C69F6 /* ActivityViewController.swift */; };
		F33DC9271BFB3D8F003C69F6 /* StatisticViewController.swift in Sources */ = {isa = PBXBuildFile; fileRef = F33DC9261BFB3D8F003C69F6 /* StatisticViewController.swift */; };
		F33DC9291BFB42BE003C69F6 /* FavoriteViewController.swift in Sources */ = {isa = PBXBuildFile; fileRef = F33DC9281BFB42BE003C69F6 /* FavoriteViewController.swift */; };
		F34B217A1BFF41FD00B9ACA3 /* BWWalkthroughPageViewController.swift in Sources */ = {isa = PBXBuildFile; fileRef = F34B21781BFF41FD00B9ACA3 /* BWWalkthroughPageViewController.swift */; };
		F34B217B1BFF41FD00B9ACA3 /* BWWalkthroughViewController.swift in Sources */ = {isa = PBXBuildFile; fileRef = F34B21791BFF41FD00B9ACA3 /* BWWalkthroughViewController.swift */; };
		F3B7A9111BFA19B300420352 /* Dashboard.storyboard in Resources */ = {isa = PBXBuildFile; fileRef = F3B7A9101BFA19B300420352 /* Dashboard.storyboard */; };
		F3B7A9171BFA231600420352 /* DashboardViewController.swift in Sources */ = {isa = PBXBuildFile; fileRef = F3B7A9161BFA231600420352 /* DashboardViewController.swift */; };
		F3E44E6A1C05F0000017F1DD /* InvertedGenericViewButton.swift in Sources */ = {isa = PBXBuildFile; fileRef = F3E44E691C05F0000017F1DD /* InvertedGenericViewButton.swift */; };
		F6518919914CA5E2CADB278D /* Pods_Sightwalk.framework in Frameworks */ = {isa = PBXBuildFile; fileRef = 548FAF2767844AE51A9B3294 /* Pods_Sightwalk.framework */; };
/* End PBXBuildFile section */

/* Begin PBXContainerItemProxy section */
		2FFA3D601BF34EFF00B758D5 /* PBXContainerItemProxy */ = {
			isa = PBXContainerItemProxy;
			containerPortal = 2FFA3D401BF34EFE00B758D5 /* Project object */;
			proxyType = 1;
			remoteGlobalIDString = 2FFA3D471BF34EFE00B758D5;
			remoteInfo = Sightwalk;
		};
		2FFA3D6B1BF34EFF00B758D5 /* PBXContainerItemProxy */ = {
			isa = PBXContainerItemProxy;
			containerPortal = 2FFA3D401BF34EFE00B758D5 /* Project object */;
			proxyType = 1;
			remoteGlobalIDString = 2FFA3D471BF34EFE00B758D5;
			remoteInfo = Sightwalk;
		};
/* End PBXContainerItemProxy section */

/* Begin PBXFileReference section */
		2F08513B1BF5F497003FF994 /* KeyboardLayoutConstraint.swift */ = {isa = PBXFileReference; fileEncoding = 4; lastKnownFileType = sourcecode.swift; path = KeyboardLayoutConstraint.swift; sourceTree = "<group>"; };
		2F25B9021C08AB56001B9037 /* CreateRoute.storyboard */ = {isa = PBXFileReference; fileEncoding = 4; lastKnownFileType = file.storyboard; name = CreateRoute.storyboard; path = Sightwalk/CreateRoute.storyboard; sourceTree = SOURCE_ROOT; };
		2F25B9041C08AEB6001B9037 /* CreateRouteViewController.swift */ = {isa = PBXFileReference; fileEncoding = 4; lastKnownFileType = sourcecode.swift; path = CreateRouteViewController.swift; sourceTree = "<group>"; };
		2F25B9061C08B0BB001B9037 /* PickItemButtonView.xib */ = {isa = PBXFileReference; fileEncoding = 4; lastKnownFileType = file.xib; name = PickItemButtonView.xib; path = Views/PickItemButtonView.xib; sourceTree = "<group>"; };
		2F25B9081C08B49D001B9037 /* StateDependantButton.swift */ = {isa = PBXFileReference; fileEncoding = 4; lastKnownFileType = sourcecode.swift; path = StateDependantButton.swift; sourceTree = "<group>"; };
		2F385FED1BF4B7FA0036DCCC /* RegistrationViewController.swift */ = {isa = PBXFileReference; fileEncoding = 4; lastKnownFileType = sourcecode.swift; path = RegistrationViewController.swift; sourceTree = "<group>"; };
		2F5471491C05CD6700C292F9 /* DatepickerTextField.swift */ = {isa = PBXFileReference; fileEncoding = 4; lastKnownFileType = sourcecode.swift; path = DatepickerTextField.swift; sourceTree = "<group>"; };
		2F8A9BE91C0860AB00B0FCE8 /* Sightwalk-Bridging-Header.h */ = {isa = PBXFileReference; fileEncoding = 4; lastKnownFileType = sourcecode.c.h; name = "Sightwalk-Bridging-Header.h"; path = "Sightwalk/Sightwalk-Bridging-Header.h"; sourceTree = "<group>"; };
		2FA810271C047CDE00BE7E6C /* LoadingOverlayView.swift */ = {isa = PBXFileReference; fileEncoding = 4; lastKnownFileType = sourcecode.swift; path = LoadingOverlayView.swift; sourceTree = "<group>"; };
		2FDA706B1BFF55DF00649C08 /* ServerConstants.swift */ = {isa = PBXFileReference; fileEncoding = 4; lastKnownFileType = sourcecode.swift; path = ServerConstants.swift; sourceTree = "<group>"; };
		2FF4DAD01BF9E0A3004E1440 /* LoginPersistenceHelper.swift */ = {isa = PBXFileReference; fileEncoding = 4; lastKnownFileType = sourcecode.swift; path = LoginPersistenceHelper.swift; sourceTree = "<group>"; };
		2FF4DAD21BFA1F4E004E1440 /* UserDataStore.swift */ = {isa = PBXFileReference; fileEncoding = 4; lastKnownFileType = sourcecode.swift; path = UserDataStore.swift; sourceTree = "<group>"; };
		2FF4DAD41BFA2546004E1440 /* UserAPIHelper.swift */ = {isa = PBXFileReference; fileEncoding = 4; lastKnownFileType = sourcecode.swift; path = UserAPIHelper.swift; sourceTree = "<group>"; };
		2FFA3D481BF34EFE00B758D5 /* Sightwalk.app */ = {isa = PBXFileReference; explicitFileType = wrapper.application; includeInIndex = 0; path = Sightwalk.app; sourceTree = BUILT_PRODUCTS_DIR; };
		2FFA3D4B1BF34EFE00B758D5 /* AppDelegate.swift */ = {isa = PBXFileReference; lastKnownFileType = sourcecode.swift; path = AppDelegate.swift; sourceTree = "<group>"; };
		2FFA3D4D1BF34EFE00B758D5 /* ViewController.swift */ = {isa = PBXFileReference; lastKnownFileType = sourcecode.swift; name = ViewController.swift; path = ../ViewController.swift; sourceTree = "<group>"; };
		2FFA3D501BF34EFE00B758D5 /* Base */ = {isa = PBXFileReference; lastKnownFileType = file.storyboard; name = Base; path = Base.lproj/Main.storyboard; sourceTree = "<group>"; };
		2FFA3D531BF34EFE00B758D5 /* Sightwalk.xcdatamodel */ = {isa = PBXFileReference; lastKnownFileType = wrapper.xcdatamodel; path = Sightwalk.xcdatamodel; sourceTree = "<group>"; };
		2FFA3D551BF34EFE00B758D5 /* Assets.xcassets */ = {isa = PBXFileReference; lastKnownFileType = folder.assetcatalog; path = Assets.xcassets; sourceTree = "<group>"; };
		2FFA3D581BF34EFE00B758D5 /* Base */ = {isa = PBXFileReference; lastKnownFileType = file.storyboard; name = Base; path = Base.lproj/LaunchScreen.storyboard; sourceTree = "<group>"; };
		2FFA3D5A1BF34EFE00B758D5 /* Info.plist */ = {isa = PBXFileReference; lastKnownFileType = text.plist.xml; path = Info.plist; sourceTree = "<group>"; };
		2FFA3D5F1BF34EFF00B758D5 /* SightwalkTests.xctest */ = {isa = PBXFileReference; explicitFileType = wrapper.cfbundle; includeInIndex = 0; path = SightwalkTests.xctest; sourceTree = BUILT_PRODUCTS_DIR; };
		2FFA3D631BF34EFF00B758D5 /* SightwalkTests.swift */ = {isa = PBXFileReference; lastKnownFileType = sourcecode.swift; path = SightwalkTests.swift; sourceTree = "<group>"; };
		2FFA3D651BF34EFF00B758D5 /* Info.plist */ = {isa = PBXFileReference; lastKnownFileType = text.plist.xml; path = Info.plist; sourceTree = "<group>"; };
		2FFA3D6A1BF34EFF00B758D5 /* SightwalkUITests.xctest */ = {isa = PBXFileReference; explicitFileType = wrapper.cfbundle; includeInIndex = 0; path = SightwalkUITests.xctest; sourceTree = BUILT_PRODUCTS_DIR; };
		2FFA3D6E1BF34EFF00B758D5 /* SightwalkUITests.swift */ = {isa = PBXFileReference; lastKnownFileType = sourcecode.swift; path = SightwalkUITests.swift; sourceTree = "<group>"; };
		2FFA3D701BF34EFF00B758D5 /* Info.plist */ = {isa = PBXFileReference; lastKnownFileType = text.plist.xml; path = Info.plist; sourceTree = "<group>"; };
		2FFA3D821BF4968900B758D5 /* IntroViewController.swift */ = {isa = PBXFileReference; fileEncoding = 4; lastKnownFileType = sourcecode.swift; path = IntroViewController.swift; sourceTree = "<group>"; };
		2FFA3D841BF4970F00B758D5 /* GenericViewButton.swift */ = {isa = PBXFileReference; fileEncoding = 4; lastKnownFileType = sourcecode.swift; path = GenericViewButton.swift; sourceTree = "<group>"; };
		2FFA3D861BF49C7600B758D5 /* FacebookButton.swift */ = {isa = PBXFileReference; fileEncoding = 4; lastKnownFileType = sourcecode.swift; path = FacebookButton.swift; sourceTree = "<group>"; };
		2FFA3D881BF4A54800B758D5 /* GenericTextField.swift */ = {isa = PBXFileReference; fileEncoding = 4; lastKnownFileType = sourcecode.swift; path = GenericTextField.swift; sourceTree = "<group>"; };
		2FFA3D8A1BF4AF5600B758D5 /* GenericNavigationBar.swift */ = {isa = PBXFileReference; fileEncoding = 4; lastKnownFileType = sourcecode.swift; path = GenericNavigationBar.swift; sourceTree = "<group>"; };
		2FFA3D8C1BF4B2A900B758D5 /* LoginViewController.swift */ = {isa = PBXFileReference; fileEncoding = 4; lastKnownFileType = sourcecode.swift; path = LoginViewController.swift; sourceTree = "<group>"; };
		548FAF2767844AE51A9B3294 /* Pods_Sightwalk.framework */ = {isa = PBXFileReference; explicitFileType = wrapper.framework; includeInIndex = 0; path = Pods_Sightwalk.framework; sourceTree = BUILT_PRODUCTS_DIR; };
		58A482CD35DF74AD2BA9E6E0 /* Pods-Sightwalk.debug.xcconfig */ = {isa = PBXFileReference; includeInIndex = 1; lastKnownFileType = text.xcconfig; name = "Pods-Sightwalk.debug.xcconfig"; path = "Pods/Target Support Files/Pods-Sightwalk/Pods-Sightwalk.debug.xcconfig"; sourceTree = "<group>"; };
		B7BD346EAFAE86D397454D56 /* Pods-Sightwalk.release.xcconfig */ = {isa = PBXFileReference; includeInIndex = 1; lastKnownFileType = text.xcconfig; name = "Pods-Sightwalk.release.xcconfig"; path = "Pods/Target Support Files/Pods-Sightwalk/Pods-Sightwalk.release.xcconfig"; sourceTree = "<group>"; };
		F33DC9241BFB3A12003C69F6 /* ActivityViewController.swift */ = {isa = PBXFileReference; fileEncoding = 4; lastKnownFileType = sourcecode.swift; path = ActivityViewController.swift; sourceTree = "<group>"; };
		F33DC9261BFB3D8F003C69F6 /* StatisticViewController.swift */ = {isa = PBXFileReference; fileEncoding = 4; lastKnownFileType = sourcecode.swift; path = StatisticViewController.swift; sourceTree = "<group>"; };
		F33DC9281BFB42BE003C69F6 /* FavoriteViewController.swift */ = {isa = PBXFileReference; fileEncoding = 4; lastKnownFileType = sourcecode.swift; path = FavoriteViewController.swift; sourceTree = "<group>"; };
		F34B21781BFF41FD00B9ACA3 /* BWWalkthroughPageViewController.swift */ = {isa = PBXFileReference; fileEncoding = 4; lastKnownFileType = sourcecode.swift; path = BWWalkthroughPageViewController.swift; sourceTree = "<group>"; };
		F34B21791BFF41FD00B9ACA3 /* BWWalkthroughViewController.swift */ = {isa = PBXFileReference; fileEncoding = 4; lastKnownFileType = sourcecode.swift; path = BWWalkthroughViewController.swift; sourceTree = "<group>"; };
		F3B7A9101BFA19B300420352 /* Dashboard.storyboard */ = {isa = PBXFileReference; fileEncoding = 4; lastKnownFileType = file.storyboard; path = Dashboard.storyboard; sourceTree = "<group>"; };
		F3B7A9161BFA231600420352 /* DashboardViewController.swift */ = {isa = PBXFileReference; fileEncoding = 4; lastKnownFileType = sourcecode.swift; path = DashboardViewController.swift; sourceTree = "<group>"; };
		F3E44E691C05F0000017F1DD /* InvertedGenericViewButton.swift */ = {isa = PBXFileReference; fileEncoding = 4; lastKnownFileType = sourcecode.swift; path = InvertedGenericViewButton.swift; sourceTree = "<group>"; };
/* End PBXFileReference section */

/* Begin PBXFrameworksBuildPhase section */
		2FFA3D451BF34EFE00B758D5 /* Frameworks */ = {
			isa = PBXFrameworksBuildPhase;
			buildActionMask = 2147483647;
			files = (
				F6518919914CA5E2CADB278D /* Pods_Sightwalk.framework in Frameworks */,
			);
			runOnlyForDeploymentPostprocessing = 0;
		};
		2FFA3D5C1BF34EFF00B758D5 /* Frameworks */ = {
			isa = PBXFrameworksBuildPhase;
			buildActionMask = 2147483647;
			files = (
			);
			runOnlyForDeploymentPostprocessing = 0;
		};
		2FFA3D671BF34EFF00B758D5 /* Frameworks */ = {
			isa = PBXFrameworksBuildPhase;
			buildActionMask = 2147483647;
			files = (
			);
			runOnlyForDeploymentPostprocessing = 0;
		};
/* End PBXFrameworksBuildPhase section */

/* Begin PBXGroup section */
		2FDA70691BFF55DF00649C08 /* Constants */ = {
			isa = PBXGroup;
			children = (
				2FDA706B1BFF55DF00649C08 /* ServerConstants.swift */,
			);
			path = Constants;
			sourceTree = "<group>";
		};
		2FFA3D3F1BF34EFE00B758D5 = {
			isa = PBXGroup;
			children = (
				2F8A9BE91C0860AB00B0FCE8 /* Sightwalk-Bridging-Header.h */,
				2FFA3D4A1BF34EFE00B758D5 /* Sightwalk */,
				2FFA3D621BF34EFF00B758D5 /* SightwalkTests */,
				2FFA3D6D1BF34EFF00B758D5 /* SightwalkUITests */,
				2FFA3D491BF34EFE00B758D5 /* Products */,
				4E7424EC0E5E9992C35BD6B7 /* Pods */,
				350F688EADF726750F1A9608 /* Frameworks */,
			);
			sourceTree = "<group>";
		};
		2FFA3D491BF34EFE00B758D5 /* Products */ = {
			isa = PBXGroup;
			children = (
				2FFA3D481BF34EFE00B758D5 /* Sightwalk.app */,
				2FFA3D5F1BF34EFF00B758D5 /* SightwalkTests.xctest */,
				2FFA3D6A1BF34EFF00B758D5 /* SightwalkUITests.xctest */,
			);
			name = Products;
			sourceTree = "<group>";
		};
		2FFA3D4A1BF34EFE00B758D5 /* Sightwalk */ = {
			isa = PBXGroup;
			children = (
				2F25B9021C08AB56001B9037 /* CreateRoute.storyboard */,
				2F25B9061C08B0BB001B9037 /* PickItemButtonView.xib */,
				2FDA70691BFF55DF00649C08 /* Constants */,
				2FFA3D7D1BF352C600B758D5 /* Helpers */,
				2FFA3D7E1BF352C600B758D5 /* Stores */,
				2FFA3D7F1BF352C600B758D5 /* Controllers */,
				2FFA3D801BF352C600B758D5 /* Views */,
				2FFA3D811BF352C600B758D5 /* Models */,
				2FFA3D4B1BF34EFE00B758D5 /* AppDelegate.swift */,
				2FFA3D4F1BF34EFE00B758D5 /* Main.storyboard */,
				2FFA3D551BF34EFE00B758D5 /* Assets.xcassets */,
				2FFA3D571BF34EFE00B758D5 /* LaunchScreen.storyboard */,
				2FFA3D5A1BF34EFE00B758D5 /* Info.plist */,
				2FFA3D521BF34EFE00B758D5 /* Sightwalk.xcdatamodeld */,
				F3B7A9101BFA19B300420352 /* Dashboard.storyboard */,
			);
			path = Sightwalk;
			sourceTree = "<group>";
		};
		2FFA3D621BF34EFF00B758D5 /* SightwalkTests */ = {
			isa = PBXGroup;
			children = (
				2FFA3D631BF34EFF00B758D5 /* SightwalkTests.swift */,
				2FFA3D651BF34EFF00B758D5 /* Info.plist */,
			);
			path = SightwalkTests;
			sourceTree = "<group>";
		};
		2FFA3D6D1BF34EFF00B758D5 /* SightwalkUITests */ = {
			isa = PBXGroup;
			children = (
				2FFA3D6E1BF34EFF00B758D5 /* SightwalkUITests.swift */,
				2FFA3D701BF34EFF00B758D5 /* Info.plist */,
			);
			path = SightwalkUITests;
			sourceTree = "<group>";
		};
		2FFA3D7D1BF352C600B758D5 /* Helpers */ = {
			isa = PBXGroup;
			children = (
				2FF4DAD01BF9E0A3004E1440 /* LoginPersistenceHelper.swift */,
				2FF4DAD41BFA2546004E1440 /* UserAPIHelper.swift */,
			);
			path = Helpers;
			sourceTree = "<group>";
		};
		2FFA3D7E1BF352C600B758D5 /* Stores */ = {
			isa = PBXGroup;
			children = (
				2FF4DAD21BFA1F4E004E1440 /* UserDataStore.swift */,
			);
			path = Stores;
			sourceTree = "<group>";
		};
		2FFA3D7F1BF352C600B758D5 /* Controllers */ = {
			isa = PBXGroup;
			children = (
				2F25B9041C08AEB6001B9037 /* CreateRouteViewController.swift */,
				2FFA3D4D1BF34EFE00B758D5 /* ViewController.swift */,
				F34B21781BFF41FD00B9ACA3 /* BWWalkthroughPageViewController.swift */,
				F34B21791BFF41FD00B9ACA3 /* BWWalkthroughViewController.swift */,
				2F385FED1BF4B7FA0036DCCC /* RegistrationViewController.swift */,
				2FFA3D8C1BF4B2A900B758D5 /* LoginViewController.swift */,
				2FFA3D821BF4968900B758D5 /* IntroViewController.swift */,
				F3B7A9161BFA231600420352 /* DashboardViewController.swift */,
				F33DC9241BFB3A12003C69F6 /* ActivityViewController.swift */,
				F33DC9261BFB3D8F003C69F6 /* StatisticViewController.swift */,
				F33DC9281BFB42BE003C69F6 /* FavoriteViewController.swift */,
			);
			path = Controllers;
			sourceTree = "<group>";
		};
		2FFA3D801BF352C600B758D5 /* Views */ = {
			isa = PBXGroup;
			children = (
				2F5471491C05CD6700C292F9 /* DatepickerTextField.swift */,
				2FA810271C047CDE00BE7E6C /* LoadingOverlayView.swift */,
				2F08513B1BF5F497003FF994 /* KeyboardLayoutConstraint.swift */,
				2FFA3D8A1BF4AF5600B758D5 /* GenericNavigationBar.swift */,
				2FFA3D881BF4A54800B758D5 /* GenericTextField.swift */,
				2FFA3D861BF49C7600B758D5 /* FacebookButton.swift */,
				2FFA3D841BF4970F00B758D5 /* GenericViewButton.swift */,
				2F25B9081C08B49D001B9037 /* StateDependantButton.swift */,
				F3E44E691C05F0000017F1DD /* InvertedGenericViewButton.swift */,
			);
			path = Views;
			sourceTree = "<group>";
		};
		2FFA3D811BF352C600B758D5 /* Models */ = {
			isa = PBXGroup;
			children = (
			);
			path = Models;
			sourceTree = "<group>";
		};
		350F688EADF726750F1A9608 /* Frameworks */ = {
			isa = PBXGroup;
			children = (
				548FAF2767844AE51A9B3294 /* Pods_Sightwalk.framework */,
			);
			name = Frameworks;
			sourceTree = "<group>";
		};
		4E7424EC0E5E9992C35BD6B7 /* Pods */ = {
			isa = PBXGroup;
			children = (
				58A482CD35DF74AD2BA9E6E0 /* Pods-Sightwalk.debug.xcconfig */,
				B7BD346EAFAE86D397454D56 /* Pods-Sightwalk.release.xcconfig */,
			);
			name = Pods;
			sourceTree = "<group>";
		};
/* End PBXGroup section */

/* Begin PBXNativeTarget section */
		2FFA3D471BF34EFE00B758D5 /* Sightwalk */ = {
			isa = PBXNativeTarget;
			buildConfigurationList = 2FFA3D731BF34EFF00B758D5 /* Build configuration list for PBXNativeTarget "Sightwalk" */;
			buildPhases = (
				7626883420F4E35AD6077F5B /* Check Pods Manifest.lock */,
				2FFA3D441BF34EFE00B758D5 /* Sources */,
				2FFA3D451BF34EFE00B758D5 /* Frameworks */,
				2FFA3D461BF34EFE00B758D5 /* Resources */,
				D7953189E47929059D77F5B9 /* Embed Pods Frameworks */,
				9D4683D61BC77BC4689714F9 /* Copy Pods Resources */,
			);
			buildRules = (
			);
			dependencies = (
			);
			name = Sightwalk;
			productName = Sightwalk;
			productReference = 2FFA3D481BF34EFE00B758D5 /* Sightwalk.app */;
			productType = "com.apple.product-type.application";
		};
		2FFA3D5E1BF34EFF00B758D5 /* SightwalkTests */ = {
			isa = PBXNativeTarget;
			buildConfigurationList = 2FFA3D761BF34EFF00B758D5 /* Build configuration list for PBXNativeTarget "SightwalkTests" */;
			buildPhases = (
				2FFA3D5B1BF34EFF00B758D5 /* Sources */,
				2FFA3D5C1BF34EFF00B758D5 /* Frameworks */,
				2FFA3D5D1BF34EFF00B758D5 /* Resources */,
			);
			buildRules = (
			);
			dependencies = (
				2FFA3D611BF34EFF00B758D5 /* PBXTargetDependency */,
			);
			name = SightwalkTests;
			productName = SightwalkTests;
			productReference = 2FFA3D5F1BF34EFF00B758D5 /* SightwalkTests.xctest */;
			productType = "com.apple.product-type.bundle.unit-test";
		};
		2FFA3D691BF34EFF00B758D5 /* SightwalkUITests */ = {
			isa = PBXNativeTarget;
			buildConfigurationList = 2FFA3D791BF34EFF00B758D5 /* Build configuration list for PBXNativeTarget "SightwalkUITests" */;
			buildPhases = (
				2FFA3D661BF34EFF00B758D5 /* Sources */,
				2FFA3D671BF34EFF00B758D5 /* Frameworks */,
				2FFA3D681BF34EFF00B758D5 /* Resources */,
			);
			buildRules = (
			);
			dependencies = (
				2FFA3D6C1BF34EFF00B758D5 /* PBXTargetDependency */,
			);
			name = SightwalkUITests;
			productName = SightwalkUITests;
			productReference = 2FFA3D6A1BF34EFF00B758D5 /* SightwalkUITests.xctest */;
			productType = "com.apple.product-type.bundle.ui-testing";
		};
/* End PBXNativeTarget section */

/* Begin PBXProject section */
		2FFA3D401BF34EFE00B758D5 /* Project object */ = {
			isa = PBXProject;
			attributes = {
				LastSwiftUpdateCheck = 0710;
				LastUpgradeCheck = 0710;
				ORGANIZATIONNAME = Sightwalk;
				TargetAttributes = {
					2FFA3D471BF34EFE00B758D5 = {
						CreatedOnToolsVersion = 7.1;
					};
					2FFA3D5E1BF34EFF00B758D5 = {
						CreatedOnToolsVersion = 7.1;
						TestTargetID = 2FFA3D471BF34EFE00B758D5;
					};
					2FFA3D691BF34EFF00B758D5 = {
						CreatedOnToolsVersion = 7.1;
						TestTargetID = 2FFA3D471BF34EFE00B758D5;
					};
				};
			};
			buildConfigurationList = 2FFA3D431BF34EFE00B758D5 /* Build configuration list for PBXProject "Sightwalk" */;
			compatibilityVersion = "Xcode 3.2";
			developmentRegion = English;
			hasScannedForEncodings = 0;
			knownRegions = (
				en,
				Base,
			);
			mainGroup = 2FFA3D3F1BF34EFE00B758D5;
			productRefGroup = 2FFA3D491BF34EFE00B758D5 /* Products */;
			projectDirPath = "";
			projectRoot = "";
			targets = (
				2FFA3D471BF34EFE00B758D5 /* Sightwalk */,
				2FFA3D5E1BF34EFF00B758D5 /* SightwalkTests */,
				2FFA3D691BF34EFF00B758D5 /* SightwalkUITests */,
			);
		};
/* End PBXProject section */

/* Begin PBXResourcesBuildPhase section */
		2FFA3D461BF34EFE00B758D5 /* Resources */ = {
			isa = PBXResourcesBuildPhase;
			buildActionMask = 2147483647;
			files = (
				2FFA3D591BF34EFE00B758D5 /* LaunchScreen.storyboard in Resources */,
				2FFA3D561BF34EFE00B758D5 /* Assets.xcassets in Resources */,
				2F25B9071C08B0BB001B9037 /* PickItemButtonView.xib in Resources */,
				2F25B9031C08AB56001B9037 /* CreateRoute.storyboard in Resources */,
				2FFA3D511BF34EFE00B758D5 /* Main.storyboard in Resources */,
				F3B7A9111BFA19B300420352 /* Dashboard.storyboard in Resources */,
			);
			runOnlyForDeploymentPostprocessing = 0;
		};
		2FFA3D5D1BF34EFF00B758D5 /* Resources */ = {
			isa = PBXResourcesBuildPhase;
			buildActionMask = 2147483647;
			files = (
			);
			runOnlyForDeploymentPostprocessing = 0;
		};
		2FFA3D681BF34EFF00B758D5 /* Resources */ = {
			isa = PBXResourcesBuildPhase;
			buildActionMask = 2147483647;
			files = (
			);
			runOnlyForDeploymentPostprocessing = 0;
		};
/* End PBXResourcesBuildPhase section */

/* Begin PBXShellScriptBuildPhase section */
		7626883420F4E35AD6077F5B /* Check Pods Manifest.lock */ = {
			isa = PBXShellScriptBuildPhase;
			buildActionMask = 2147483647;
			files = (
			);
			inputPaths = (
			);
			name = "Check Pods Manifest.lock";
			outputPaths = (
			);
			runOnlyForDeploymentPostprocessing = 0;
			shellPath = /bin/sh;
			shellScript = "diff \"${PODS_ROOT}/../Podfile.lock\" \"${PODS_ROOT}/Manifest.lock\" > /dev/null\nif [[ $? != 0 ]] ; then\n    cat << EOM\nerror: The sandbox is not in sync with the Podfile.lock. Run 'pod install' or update your CocoaPods installation.\nEOM\n    exit 1\nfi\n";
			showEnvVarsInLog = 0;
		};
		9D4683D61BC77BC4689714F9 /* Copy Pods Resources */ = {
			isa = PBXShellScriptBuildPhase;
			buildActionMask = 2147483647;
			files = (
			);
			inputPaths = (
			);
			name = "Copy Pods Resources";
			outputPaths = (
			);
			runOnlyForDeploymentPostprocessing = 0;
			shellPath = /bin/sh;
			shellScript = "\"${SRCROOT}/Pods/Target Support Files/Pods-Sightwalk/Pods-Sightwalk-resources.sh\"\n";
			showEnvVarsInLog = 0;
		};
		D7953189E47929059D77F5B9 /* Embed Pods Frameworks */ = {
			isa = PBXShellScriptBuildPhase;
			buildActionMask = 2147483647;
			files = (
			);
			inputPaths = (
			);
			name = "Embed Pods Frameworks";
			outputPaths = (
			);
			runOnlyForDeploymentPostprocessing = 0;
			shellPath = /bin/sh;
			shellScript = "\"${SRCROOT}/Pods/Target Support Files/Pods-Sightwalk/Pods-Sightwalk-frameworks.sh\"\n";
			showEnvVarsInLog = 0;
		};
/* End PBXShellScriptBuildPhase section */

/* Begin PBXSourcesBuildPhase section */
		2FFA3D441BF34EFE00B758D5 /* Sources */ = {
			isa = PBXSourcesBuildPhase;
			buildActionMask = 2147483647;
			files = (
				2FDA706D1BFF55DF00649C08 /* ServerConstants.swift in Sources */,
				2FFA3D8D1BF4B2A900B758D5 /* LoginViewController.swift in Sources */,
				2FFA3D4E1BF34EFE00B758D5 /* ViewController.swift in Sources */,
				2F08513C1BF5F497003FF994 /* KeyboardLayoutConstraint.swift in Sources */,
				2FFA3D541BF34EFE00B758D5 /* Sightwalk.xcdatamodeld in Sources */,
				F33DC9251BFB3A12003C69F6 /* ActivityViewController.swift in Sources */,
				F34B217B1BFF41FD00B9ACA3 /* BWWalkthroughViewController.swift in Sources */,
				F3E44E6A1C05F0000017F1DD /* InvertedGenericViewButton.swift in Sources */,
				2FFA3D4C1BF34EFE00B758D5 /* AppDelegate.swift in Sources */,
				2FF4DAD51BFA2546004E1440 /* UserAPIHelper.swift in Sources */,
				2F385FEE1BF4B7FA0036DCCC /* RegistrationViewController.swift in Sources */,
				F34B217A1BFF41FD00B9ACA3 /* BWWalkthroughPageViewController.swift in Sources */,
				2FFA3D871BF49C7600B758D5 /* FacebookButton.swift in Sources */,
				2FF4DAD11BF9E0A3004E1440 /* LoginPersistenceHelper.swift in Sources */,
				F3B7A9171BFA231600420352 /* DashboardViewController.swift in Sources */,
				2F25B9091C08B49D001B9037 /* StateDependantButton.swift in Sources */,
				2FA810281C047CDE00BE7E6C /* LoadingOverlayView.swift in Sources */,
				2F54714A1C05CD6700C292F9 /* DatepickerTextField.swift in Sources */,
				2FFA3D851BF4970F00B758D5 /* GenericViewButton.swift in Sources */,
				2F25B9051C08AEB6001B9037 /* CreateRouteViewController.swift in Sources */,
				2FFA3D891BF4A54800B758D5 /* GenericTextField.swift in Sources */,
				F33DC9291BFB42BE003C69F6 /* FavoriteViewController.swift in Sources */,
				2FFA3D831BF4968900B758D5 /* IntroViewController.swift in Sources */,
				F33DC9271BFB3D8F003C69F6 /* StatisticViewController.swift in Sources */,
				2FFA3D8B1BF4AF5600B758D5 /* GenericNavigationBar.swift in Sources */,
				2FF4DAD31BFA1F4E004E1440 /* UserDataStore.swift in Sources */,
			);
			runOnlyForDeploymentPostprocessing = 0;
		};
		2FFA3D5B1BF34EFF00B758D5 /* Sources */ = {
			isa = PBXSourcesBuildPhase;
			buildActionMask = 2147483647;
			files = (
				2FFA3D641BF34EFF00B758D5 /* SightwalkTests.swift in Sources */,
			);
			runOnlyForDeploymentPostprocessing = 0;
		};
		2FFA3D661BF34EFF00B758D5 /* Sources */ = {
			isa = PBXSourcesBuildPhase;
			buildActionMask = 2147483647;
			files = (
				2FFA3D6F1BF34EFF00B758D5 /* SightwalkUITests.swift in Sources */,
			);
			runOnlyForDeploymentPostprocessing = 0;
		};
/* End PBXSourcesBuildPhase section */

/* Begin PBXTargetDependency section */
		2FFA3D611BF34EFF00B758D5 /* PBXTargetDependency */ = {
			isa = PBXTargetDependency;
			target = 2FFA3D471BF34EFE00B758D5 /* Sightwalk */;
			targetProxy = 2FFA3D601BF34EFF00B758D5 /* PBXContainerItemProxy */;
		};
		2FFA3D6C1BF34EFF00B758D5 /* PBXTargetDependency */ = {
			isa = PBXTargetDependency;
			target = 2FFA3D471BF34EFE00B758D5 /* Sightwalk */;
			targetProxy = 2FFA3D6B1BF34EFF00B758D5 /* PBXContainerItemProxy */;
		};
/* End PBXTargetDependency section */

/* Begin PBXVariantGroup section */
		2FFA3D4F1BF34EFE00B758D5 /* Main.storyboard */ = {
			isa = PBXVariantGroup;
			children = (
				2FFA3D501BF34EFE00B758D5 /* Base */,
			);
			name = Main.storyboard;
			sourceTree = "<group>";
		};
		2FFA3D571BF34EFE00B758D5 /* LaunchScreen.storyboard */ = {
			isa = PBXVariantGroup;
			children = (
				2FFA3D581BF34EFE00B758D5 /* Base */,
			);
			name = LaunchScreen.storyboard;
			sourceTree = "<group>";
		};
/* End PBXVariantGroup section */

/* Begin XCBuildConfiguration section */
		2FFA3D711BF34EFF00B758D5 /* Debug */ = {
			isa = XCBuildConfiguration;
			buildSettings = {
				ALWAYS_SEARCH_USER_PATHS = NO;
				CLANG_CXX_LANGUAGE_STANDARD = "gnu++0x";
				CLANG_CXX_LIBRARY = "libc++";
				CLANG_ENABLE_MODULES = YES;
				CLANG_ENABLE_OBJC_ARC = YES;
				CLANG_WARN_BOOL_CONVERSION = YES;
				CLANG_WARN_CONSTANT_CONVERSION = YES;
				CLANG_WARN_DIRECT_OBJC_ISA_USAGE = YES_ERROR;
				CLANG_WARN_EMPTY_BODY = YES;
				CLANG_WARN_ENUM_CONVERSION = YES;
				CLANG_WARN_INT_CONVERSION = YES;
				CLANG_WARN_OBJC_ROOT_CLASS = YES_ERROR;
				CLANG_WARN_UNREACHABLE_CODE = YES;
				CLANG_WARN__DUPLICATE_METHOD_MATCH = YES;
				"CODE_SIGN_IDENTITY[sdk=iphoneos*]" = "iPhone Developer";
				COPY_PHASE_STRIP = NO;
				DEBUG_INFORMATION_FORMAT = dwarf;
				ENABLE_STRICT_OBJC_MSGSEND = YES;
				ENABLE_TESTABILITY = YES;
				GCC_C_LANGUAGE_STANDARD = gnu99;
				GCC_DYNAMIC_NO_PIC = NO;
				GCC_NO_COMMON_BLOCKS = YES;
				GCC_OPTIMIZATION_LEVEL = 0;
				GCC_PREPROCESSOR_DEFINITIONS = (
					"DEBUG=1",
					"$(inherited)",
				);
				GCC_WARN_64_TO_32_BIT_CONVERSION = YES;
				GCC_WARN_ABOUT_RETURN_TYPE = YES_ERROR;
				GCC_WARN_UNDECLARED_SELECTOR = YES;
				GCC_WARN_UNINITIALIZED_AUTOS = YES_AGGRESSIVE;
				GCC_WARN_UNUSED_FUNCTION = YES;
				GCC_WARN_UNUSED_VARIABLE = YES;
				IPHONEOS_DEPLOYMENT_TARGET = 9.1;
				MTL_ENABLE_DEBUG_INFO = YES;
				ONLY_ACTIVE_ARCH = YES;
				SDKROOT = iphoneos;
				SWIFT_OPTIMIZATION_LEVEL = "-Onone";
			};
			name = Debug;
		};
		2FFA3D721BF34EFF00B758D5 /* Release */ = {
			isa = XCBuildConfiguration;
			buildSettings = {
				ALWAYS_SEARCH_USER_PATHS = NO;
				CLANG_CXX_LANGUAGE_STANDARD = "gnu++0x";
				CLANG_CXX_LIBRARY = "libc++";
				CLANG_ENABLE_MODULES = YES;
				CLANG_ENABLE_OBJC_ARC = YES;
				CLANG_WARN_BOOL_CONVERSION = YES;
				CLANG_WARN_CONSTANT_CONVERSION = YES;
				CLANG_WARN_DIRECT_OBJC_ISA_USAGE = YES_ERROR;
				CLANG_WARN_EMPTY_BODY = YES;
				CLANG_WARN_ENUM_CONVERSION = YES;
				CLANG_WARN_INT_CONVERSION = YES;
				CLANG_WARN_OBJC_ROOT_CLASS = YES_ERROR;
				CLANG_WARN_UNREACHABLE_CODE = YES;
				CLANG_WARN__DUPLICATE_METHOD_MATCH = YES;
				"CODE_SIGN_IDENTITY[sdk=iphoneos*]" = "iPhone Developer";
				COPY_PHASE_STRIP = NO;
				DEBUG_INFORMATION_FORMAT = "dwarf-with-dsym";
				ENABLE_NS_ASSERTIONS = NO;
				ENABLE_STRICT_OBJC_MSGSEND = YES;
				GCC_C_LANGUAGE_STANDARD = gnu99;
				GCC_NO_COMMON_BLOCKS = YES;
				GCC_WARN_64_TO_32_BIT_CONVERSION = YES;
				GCC_WARN_ABOUT_RETURN_TYPE = YES_ERROR;
				GCC_WARN_UNDECLARED_SELECTOR = YES;
				GCC_WARN_UNINITIALIZED_AUTOS = YES_AGGRESSIVE;
				GCC_WARN_UNUSED_FUNCTION = YES;
				GCC_WARN_UNUSED_VARIABLE = YES;
				IPHONEOS_DEPLOYMENT_TARGET = 9.1;
				MTL_ENABLE_DEBUG_INFO = NO;
				SDKROOT = iphoneos;
				VALIDATE_PRODUCT = YES;
			};
			name = Release;
		};
		2FFA3D741BF34EFF00B758D5 /* Debug */ = {
			isa = XCBuildConfiguration;
			baseConfigurationReference = 58A482CD35DF74AD2BA9E6E0 /* Pods-Sightwalk.debug.xcconfig */;
			buildSettings = {
				ASSETCATALOG_COMPILER_APPICON_NAME = AppIcon;
				INFOPLIST_FILE = Sightwalk/Info.plist;
				LD_RUNPATH_SEARCH_PATHS = "$(inherited) @executable_path/Frameworks";
				OTHER_LDFLAGS = (
					"$(inherited)",
					"-ObjC",
					"-l\"c++\"",
					"-l\"icucore\"",
					"-l\"z\"",
					"-framework",
					"\"AVFoundation\"",
					"-framework",
					"\"Accelerate\"",
					"-framework",
					"\"Alamofire\"",
					"-framework",
					"\"CoreBluetooth\"",
					"-framework",
					"\"CoreData\"",
					"-framework",
					"\"CoreGraphics\"",
					"-framework",
					"\"CoreLocation\"",
					"-framework",
					"\"CoreText\"",
					"-framework",
					"\"GLKit\"",
					"-framework",
					"\"GoogleMaps\"",
					"-framework",
					"\"ImageIO\"",
					"-framework",
					"\"JLToast\"",
					"-framework",
					"\"Locksmith\"",
					"-framework",
					"\"OpenGLES\"",
					"-framework",
					"\"QuartzCore\"",
					"-framework",
					"\"Security\"",
					"-framework",
					"\"SwiftCop\"",
					"-framework",
					"\"SwiftyJSON\"",
					"-framework",
					"\"SystemConfiguration\"",
				);
				PRODUCT_BUNDLE_IDENTIFIER = net.sightwalk.Sightwalk;
				PRODUCT_NAME = "$(TARGET_NAME)";
				SWIFT_OBJC_BRIDGING_HEADER = "Sightwalk/Sightwalk-Bridging-Header.h";
				TARGETED_DEVICE_FAMILY = 1;
			};
			name = Debug;
		};
		2FFA3D751BF34EFF00B758D5 /* Release */ = {
			isa = XCBuildConfiguration;
			baseConfigurationReference = B7BD346EAFAE86D397454D56 /* Pods-Sightwalk.release.xcconfig */;
			buildSettings = {
				ASSETCATALOG_COMPILER_APPICON_NAME = AppIcon;
				INFOPLIST_FILE = Sightwalk/Info.plist;
				LD_RUNPATH_SEARCH_PATHS = "$(inherited) @executable_path/Frameworks";
				OTHER_LDFLAGS = (
					"$(inherited)",
					"-ObjC",
					"-l\"c++\"",
					"-l\"icucore\"",
					"-l\"z\"",
					"-framework",
					"\"AVFoundation\"",
					"-framework",
					"\"Accelerate\"",
					"-framework",
					"\"Alamofire\"",
					"-framework",
					"\"CoreBluetooth\"",
					"-framework",
					"\"CoreData\"",
					"-framework",
					"\"CoreGraphics\"",
					"-framework",
					"\"CoreLocation\"",
					"-framework",
					"\"CoreText\"",
					"-framework",
					"\"GLKit\"",
					"-framework",
					"\"GoogleMaps\"",
					"-framework",
					"\"ImageIO\"",
					"-framework",
					"\"JLToast\"",
					"-framework",
					"\"Locksmith\"",
					"-framework",
					"\"OpenGLES\"",
					"-framework",
					"\"QuartzCore\"",
					"-framework",
					"\"Security\"",
					"-framework",
					"\"SwiftCop\"",
					"-framework",
					"\"SwiftyJSON\"",
					"-framework",
					"\"SystemConfiguration\"",
				);
				PRODUCT_BUNDLE_IDENTIFIER = net.sightwalk.Sightwalk;
				PRODUCT_NAME = "$(TARGET_NAME)";
				SWIFT_OBJC_BRIDGING_HEADER = "Sightwalk/Sightwalk-Bridging-Header.h";
				TARGETED_DEVICE_FAMILY = 1;
			};
			name = Release;
		};
		2FFA3D771BF34EFF00B758D5 /* Debug */ = {
			isa = XCBuildConfiguration;
			buildSettings = {
				BUNDLE_LOADER = "$(TEST_HOST)";
				INFOPLIST_FILE = SightwalkTests/Info.plist;
				LD_RUNPATH_SEARCH_PATHS = "$(inherited) @executable_path/Frameworks @loader_path/Frameworks";
				PRODUCT_BUNDLE_IDENTIFIER = net.sightwalk.SightwalkTests;
				PRODUCT_NAME = "$(TARGET_NAME)";
				TEST_HOST = "$(BUILT_PRODUCTS_DIR)/Sightwalk.app/Sightwalk";
			};
			name = Debug;
		};
		2FFA3D781BF34EFF00B758D5 /* Release */ = {
			isa = XCBuildConfiguration;
			buildSettings = {
				BUNDLE_LOADER = "$(TEST_HOST)";
				INFOPLIST_FILE = SightwalkTests/Info.plist;
				LD_RUNPATH_SEARCH_PATHS = "$(inherited) @executable_path/Frameworks @loader_path/Frameworks";
				PRODUCT_BUNDLE_IDENTIFIER = net.sightwalk.SightwalkTests;
				PRODUCT_NAME = "$(TARGET_NAME)";
				TEST_HOST = "$(BUILT_PRODUCTS_DIR)/Sightwalk.app/Sightwalk";
			};
			name = Release;
		};
		2FFA3D7A1BF34EFF00B758D5 /* Debug */ = {
			isa = XCBuildConfiguration;
			buildSettings = {
				INFOPLIST_FILE = SightwalkUITests/Info.plist;
				LD_RUNPATH_SEARCH_PATHS = "$(inherited) @executable_path/Frameworks @loader_path/Frameworks";
				PRODUCT_BUNDLE_IDENTIFIER = net.sightwalk.SightwalkUITests;
				PRODUCT_NAME = "$(TARGET_NAME)";
				TEST_TARGET_NAME = Sightwalk;
				USES_XCTRUNNER = YES;
			};
			name = Debug;
		};
		2FFA3D7B1BF34EFF00B758D5 /* Release */ = {
			isa = XCBuildConfiguration;
			buildSettings = {
				INFOPLIST_FILE = SightwalkUITests/Info.plist;
				LD_RUNPATH_SEARCH_PATHS = "$(inherited) @executable_path/Frameworks @loader_path/Frameworks";
				PRODUCT_BUNDLE_IDENTIFIER = net.sightwalk.SightwalkUITests;
				PRODUCT_NAME = "$(TARGET_NAME)";
				TEST_TARGET_NAME = Sightwalk;
				USES_XCTRUNNER = YES;
			};
			name = Release;
		};
/* End XCBuildConfiguration section */

/* Begin XCConfigurationList section */
		2FFA3D431BF34EFE00B758D5 /* Build configuration list for PBXProject "Sightwalk" */ = {
			isa = XCConfigurationList;
			buildConfigurations = (
				2FFA3D711BF34EFF00B758D5 /* Debug */,
				2FFA3D721BF34EFF00B758D5 /* Release */,
			);
			defaultConfigurationIsVisible = 0;
			defaultConfigurationName = Release;
		};
		2FFA3D731BF34EFF00B758D5 /* Build configuration list for PBXNativeTarget "Sightwalk" */ = {
			isa = XCConfigurationList;
			buildConfigurations = (
				2FFA3D741BF34EFF00B758D5 /* Debug */,
				2FFA3D751BF34EFF00B758D5 /* Release */,
			);
			defaultConfigurationIsVisible = 0;
			defaultConfigurationName = Release;
		};
		2FFA3D761BF34EFF00B758D5 /* Build configuration list for PBXNativeTarget "SightwalkTests" */ = {
			isa = XCConfigurationList;
			buildConfigurations = (
				2FFA3D771BF34EFF00B758D5 /* Debug */,
				2FFA3D781BF34EFF00B758D5 /* Release */,
			);
			defaultConfigurationIsVisible = 0;
			defaultConfigurationName = Release;
		};
		2FFA3D791BF34EFF00B758D5 /* Build configuration list for PBXNativeTarget "SightwalkUITests" */ = {
			isa = XCConfigurationList;
			buildConfigurations = (
				2FFA3D7A1BF34EFF00B758D5 /* Debug */,
				2FFA3D7B1BF34EFF00B758D5 /* Release */,
			);
			defaultConfigurationIsVisible = 0;
			defaultConfigurationName = Release;
		};
/* End XCConfigurationList section */

/* Begin XCVersionGroup section */
		2FFA3D521BF34EFE00B758D5 /* Sightwalk.xcdatamodeld */ = {
			isa = XCVersionGroup;
			children = (
				2FFA3D531BF34EFE00B758D5 /* Sightwalk.xcdatamodel */,
			);
			currentVersion = 2FFA3D531BF34EFE00B758D5 /* Sightwalk.xcdatamodel */;
			path = Sightwalk.xcdatamodeld;
			sourceTree = "<group>";
			versionGroupType = wrapper.xcdatamodel;
		};
/* End XCVersionGroup section */
	};
	rootObject = 2FFA3D401BF34EFE00B758D5 /* Project object */;
}
